
Microsoft Visual Studio Solution File, Format Version 12.00
# Visual Studio 2013
VisualStudioVersion = 12.0.21005.1
MinimumVisualStudioVersion = 10.0.40219.1
Project("{FAE04EC0-301F-11D3-BF4B-00C04F79EFBC}") = "cctv", "cctv\cctv.csproj", "{3542B8E4-96ED-4E31-9E78-2C49C9ACAFAF}"
EndProject
Global
	GlobalSection(SolutionConfigurationPlatforms) = preSolution
		Debug|Any CPU = Debug|Any CPU
		Debug|ARM = Debug|ARM
		Debug|x86 = Debug|x86
		Release|Any CPU = Release|Any CPU
		Release|ARM = Release|ARM
		Release|x86 = Release|x86
	EndGlobalSection
	GlobalSection(ProjectConfigurationPlatforms) = postSolution
		{3542B8E4-96ED-4E31-9E78-2C49C9ACAFAF}.Debug|Any CPU.ActiveCfg = Debug|Any CPU
		{3542B8E4-96ED-4E31-9E78-2C49C9ACAFAF}.Debug|Any CPU.Build.0 = Debug|Any CPU
		{3542B8E4-96ED-4E31-9E78-2C49C9ACAFAF}.Debug|Any CPU.Deploy.0 = Debug|Any CPU
		{3542B8E4-96ED-4E31-9E78-2C49C9ACAFAF}.Debug|ARM.ActiveCfg = Debug|ARM
		{3542B8E4-96ED-4E31-9E78-2C49C9ACAFAF}.Debug|ARM.Build.0 = Debug|ARM
		{3542B8E4-96ED-4E31-9E78-2C49C9ACAFAF}.Debug|ARM.Deploy.0 = Debug|ARM
		{3542B8E4-96ED-4E31-9E78-2C49C9ACAFAF}.Debug|x86.ActiveCfg = Debug|x86
		{3542B8E4-96ED-4E31-9E78-2C49C9ACAFAF}.Debug|x86.Build.0 = Debug|x86
		{3542B8E4-96ED-4E31-9E78-2C49C9ACAFAF}.Debug|x86.Deploy.0 = Debug|x86
		{3542B8E4-96ED-4E31-9E78-2C49C9ACAFAF}.Release|Any CPU.ActiveCfg = Release|Any CPU
		{3542B8E4-96ED-4E31-9E78-2C49C9ACAFAF}.Release|Any CPU.Build.0 = Release|Any CPU
		{3542B8E4-96ED-4E31-9E78-2C49C9ACAFAF}.Release|Any CPU.Deploy.0 = Release|Any CPU
		{3542B8E4-96ED-4E31-9E78-2C49C9ACAFAF}.Release|ARM.ActiveCfg = Release|ARM
		{3542B8E4-96ED-4E31-9E78-2C49C9ACAFAF}.Release|ARM.Build.0 = Release|ARM
		{3542B8E4-96ED-4E31-9E78-2C49C9ACAFAF}.Release|ARM.Deploy.0 = Release|ARM
		{3542B8E4-96ED-4E31-9E78-2C49C9ACAFAF}.Release|x86.ActiveCfg = Release|x86
		{3542B8E4-96ED-4E31-9E78-2C49C9ACAFAF}.Release|x86.Build.0 = Release|x86
		{3542B8E4-96ED-4E31-9E78-2C49C9ACAFAF}.Release|x86.Deploy.0 = Release|x86
	EndGlobalSection
	GlobalSection(SolutionProperties) = preSolution
		HideSolutionNode = FALSE
	EndGlobalSection
EndGlobal
